
Microsoft Visual Studio Solution File, Format Version 12.00
# Visual Studio 15
VisualStudioVersion = 15.0.28307.705
MinimumVisualStudioVersion = 10.0.40219.1
Project("{FAE04EC0-301F-11D3-BF4B-00C04F79EFBC}") = "FieldRules", "FieldRules\FieldRules.csproj", "{65717674-D16B-4F1C-9A77-538325E67FA0}"
EndProject
Global
	GlobalSection(SolutionConfigurationPlatforms) = preSolution
		Debug|Any CPU = Debug|Any CPU
		Release|Any CPU = Release|Any CPU
	EndGlobalSection
	GlobalSection(ProjectConfigurationPlatforms) = postSolution
		{65717674-D16B-4F1C-9A77-538325E67FA0}.Debug|Any CPU.ActiveCfg = Debug|Any CPU
		{65717674-D16B-4F1C-9A77-538325E67FA0}.Debug|Any CPU.Build.0 = Debug|Any CPU
		{65717674-D16B-4F1C-9A77-538325E67FA0}.Release|Any CPU.ActiveCfg = Release|Any CPU
		{65717674-D16B-4F1C-9A77-538325E67FA0}.Release|Any CPU.Build.0 = Release|Any CPU
	EndGlobalSection
	GlobalSection(SolutionProperties) = preSolution
		HideSolutionNode = FALSE
	EndGlobalSection
	GlobalSection(ExtensibilityGlobals) = postSolution
		SolutionGuid = {7241E99C-7C97-495B-934D-26BA85604384}
	EndGlobalSection
EndGlobal
